
Microsoft Visual Studio Solution File, Format Version 12.00
# Visual Studio Version 17
VisualStudioVersion = 17.11.35312.102
MinimumVisualStudioVersion = 10.0.40219.1
Project("{9A19103F-16F7-4668-BE54-9A1E7A4F7556}") = "E-commerceSite.Web.Application", "E-commerceSite.Web.Application\E-commerceSite.Web.Application.csproj", "{0E1ACE4B-3DC4-45E1-AECD-E2EB0ED383B2}"
EndProject
Project("{2150E333-8FDC-42A3-9474-1A3956D46DE8}") = "Data", "Data", "{15CA8478-B836-4211-9BB1-B5366D9581BF}"
EndProject
Project("{FAE04EC0-301F-11D3-BF4B-00C04F79EFBC}") = "Website.Data", "Website.Data\Website.Data.csproj", "{D502004E-E9CC-482B-8615-64FD708BBE2C}"
EndProject
Project("{FAE04EC0-301F-11D3-BF4B-00C04F79EFBC}") = "Website.Data.Models", "Website.Data.Models\Website.Data.Models.csproj", "{8759F130-FE9B-4FE0-AC11-E59A51D20BEE}"
EndProject
Project("{2150E333-8FDC-42A3-9474-1A3956D46DE8}") = "Web", "Web", "{F9FDF191-EB05-4682-80D8-D1B78B7CA6A1}"
EndProject
Project("{FAE04EC0-301F-11D3-BF4B-00C04F79EFBC}") = "Website.Infrastructure", "Website.Infrastructure\Website.Infrastructure.csproj", "{07BBF73B-33CE-48F0-87B4-819F58DC5306}"
EndProject
Project("{FAE04EC0-301F-11D3-BF4B-00C04F79EFBC}") = "Website.ViewModels", "Website.ViewModels\Website.ViewModels.csproj", "{A9C22A18-9FCD-4417-9C02-F45BA33688C7}"
EndProject
Project("{FAE04EC0-301F-11D3-BF4B-00C04F79EFBC}") = "Website.Common", "Website.Common\Website.Common.csproj", "{50BB8935-D88C-4B62-91EC-DDF612D0937D}"
EndProject
Project("{2150E333-8FDC-42A3-9474-1A3956D46DE8}") = "Common", "Common", "{F27518C0-BD10-4577-B030-B435C2E71364}"
EndProject
Global
	GlobalSection(SolutionConfigurationPlatforms) = preSolution
		Debug|Any CPU = Debug|Any CPU
		Release|Any CPU = Release|Any CPU
	EndGlobalSection
	GlobalSection(ProjectConfigurationPlatforms) = postSolution
		{0E1ACE4B-3DC4-45E1-AECD-E2EB0ED383B2}.Debug|Any CPU.ActiveCfg = Debug|Any CPU
		{0E1ACE4B-3DC4-45E1-AECD-E2EB0ED383B2}.Debug|Any CPU.Build.0 = Debug|Any CPU
		{0E1ACE4B-3DC4-45E1-AECD-E2EB0ED383B2}.Release|Any CPU.ActiveCfg = Release|Any CPU
		{0E1ACE4B-3DC4-45E1-AECD-E2EB0ED383B2}.Release|Any CPU.Build.0 = Release|Any CPU
		{D502004E-E9CC-482B-8615-64FD708BBE2C}.Debug|Any CPU.ActiveCfg = Debug|Any CPU
		{D502004E-E9CC-482B-8615-64FD708BBE2C}.Debug|Any CPU.Build.0 = Debug|Any CPU
		{D502004E-E9CC-482B-8615-64FD708BBE2C}.Release|Any CPU.ActiveCfg = Release|Any CPU
		{D502004E-E9CC-482B-8615-64FD708BBE2C}.Release|Any CPU.Build.0 = Release|Any CPU
		{8759F130-FE9B-4FE0-AC11-E59A51D20BEE}.Debug|Any CPU.ActiveCfg = Debug|Any CPU
		{8759F130-FE9B-4FE0-AC11-E59A51D20BEE}.Debug|Any CPU.Build.0 = Debug|Any CPU
		{8759F130-FE9B-4FE0-AC11-E59A51D20BEE}.Release|Any CPU.ActiveCfg = Release|Any CPU
		{8759F130-FE9B-4FE0-AC11-E59A51D20BEE}.Release|Any CPU.Build.0 = Release|Any CPU
		{07BBF73B-33CE-48F0-87B4-819F58DC5306}.Debug|Any CPU.ActiveCfg = Debug|Any CPU
		{07BBF73B-33CE-48F0-87B4-819F58DC5306}.Debug|Any CPU.Build.0 = Debug|Any CPU
		{07BBF73B-33CE-48F0-87B4-819F58DC5306}.Release|Any CPU.ActiveCfg = Release|Any CPU
		{07BBF73B-33CE-48F0-87B4-819F58DC5306}.Release|Any CPU.Build.0 = Release|Any CPU
		{A9C22A18-9FCD-4417-9C02-F45BA33688C7}.Debug|Any CPU.ActiveCfg = Debug|Any CPU
		{A9C22A18-9FCD-4417-9C02-F45BA33688C7}.Debug|Any CPU.Build.0 = Debug|Any CPU
		{A9C22A18-9FCD-4417-9C02-F45BA33688C7}.Release|Any CPU.ActiveCfg = Release|Any CPU
		{A9C22A18-9FCD-4417-9C02-F45BA33688C7}.Release|Any CPU.Build.0 = Release|Any CPU
		{50BB8935-D88C-4B62-91EC-DDF612D0937D}.Debug|Any CPU.ActiveCfg = Debug|Any CPU
		{50BB8935-D88C-4B62-91EC-DDF612D0937D}.Debug|Any CPU.Build.0 = Debug|Any CPU
		{50BB8935-D88C-4B62-91EC-DDF612D0937D}.Release|Any CPU.ActiveCfg = Release|Any CPU
		{50BB8935-D88C-4B62-91EC-DDF612D0937D}.Release|Any CPU.Build.0 = Release|Any CPU
	EndGlobalSection
	GlobalSection(SolutionProperties) = preSolution
		HideSolutionNode = FALSE
	EndGlobalSection
	GlobalSection(NestedProjects) = preSolution
		{0E1ACE4B-3DC4-45E1-AECD-E2EB0ED383B2} = {F9FDF191-EB05-4682-80D8-D1B78B7CA6A1}
		{D502004E-E9CC-482B-8615-64FD708BBE2C} = {15CA8478-B836-4211-9BB1-B5366D9581BF}
		{8759F130-FE9B-4FE0-AC11-E59A51D20BEE} = {15CA8478-B836-4211-9BB1-B5366D9581BF}
		{07BBF73B-33CE-48F0-87B4-819F58DC5306} = {F9FDF191-EB05-4682-80D8-D1B78B7CA6A1}
		{A9C22A18-9FCD-4417-9C02-F45BA33688C7} = {F9FDF191-EB05-4682-80D8-D1B78B7CA6A1}
		{50BB8935-D88C-4B62-91EC-DDF612D0937D} = {F27518C0-BD10-4577-B030-B435C2E71364}
	EndGlobalSection
	GlobalSection(ExtensibilityGlobals) = postSolution
		SolutionGuid = {B5CC8294-0FFD-4ECB-A78B-AD614060F5A5}
	EndGlobalSection
EndGlobal
